
Microsoft Visual Studio Solution File, Format Version 12.00
# Visual Studio Version 17
VisualStudioVersion = 17.0.31903.59
MinimumVisualStudioVersion = 10.0.40219.1
Project("{2150E333-8FDC-42A3-9474-1A3956D46DE8}") = "src", "src", "{456CA12A-3E08-4779-B5C3-55EC72CBBDB9}"
EndProject
Project("{2150E333-8FDC-42A3-9474-1A3956D46DE8}") = "Backend", "Backend", "{B99B921C-CBE3-458A-80E1-2C66CE70DFF0}"
EndProject
Project("{FAE04EC0-301F-11D3-BF4B-00C04F79EFBC}") = "UknfCommunicationPlatform.Api", "src\Backend\UknfCommunicationPlatform.Api\UknfCommunicationPlatform.Api.csproj", "{F801B422-63B3-4EE3-8A36-7BF1A9FCC25E}"
EndProject
Project("{FAE04EC0-301F-11D3-BF4B-00C04F79EFBC}") = "UknfCommunicationPlatform.Core", "src\Backend\UknfCommunicationPlatform.Core\UknfCommunicationPlatform.Core.csproj", "{C9BA9C73-0B66-4ABA-9987-4E5B16E74041}"
EndProject
Project("{FAE04EC0-301F-11D3-BF4B-00C04F79EFBC}") = "UknfCommunicationPlatform.Infrastructure", "src\Backend\UknfCommunicationPlatform.Infrastructure\UknfCommunicationPlatform.Infrastructure.csproj", "{59DDA061-3CD9-49CE-B33C-1ACAC00F58BA}"
EndProject
Global
	GlobalSection(SolutionConfigurationPlatforms) = preSolution
		Debug|Any CPU = Debug|Any CPU
		Release|Any CPU = Release|Any CPU
	EndGlobalSection
	GlobalSection(SolutionProperties) = preSolution
		HideSolutionNode = FALSE
	EndGlobalSection
	GlobalSection(ProjectConfigurationPlatforms) = postSolution
		{F801B422-63B3-4EE3-8A36-7BF1A9FCC25E}.Debug|Any CPU.ActiveCfg = Debug|Any CPU
		{F801B422-63B3-4EE3-8A36-7BF1A9FCC25E}.Debug|Any CPU.Build.0 = Debug|Any CPU
		{F801B422-63B3-4EE3-8A36-7BF1A9FCC25E}.Release|Any CPU.ActiveCfg = Release|Any CPU
		{F801B422-63B3-4EE3-8A36-7BF1A9FCC25E}.Release|Any CPU.Build.0 = Release|Any CPU
		{C9BA9C73-0B66-4ABA-9987-4E5B16E74041}.Debug|Any CPU.ActiveCfg = Debug|Any CPU
		{C9BA9C73-0B66-4ABA-9987-4E5B16E74041}.Debug|Any CPU.Build.0 = Debug|Any CPU
		{C9BA9C73-0B66-4ABA-9987-4E5B16E74041}.Release|Any CPU.ActiveCfg = Release|Any CPU
		{C9BA9C73-0B66-4ABA-9987-4E5B16E74041}.Release|Any CPU.Build.0 = Release|Any CPU
		{59DDA061-3CD9-49CE-B33C-1ACAC00F58BA}.Debug|Any CPU.ActiveCfg = Debug|Any CPU
		{59DDA061-3CD9-49CE-B33C-1ACAC00F58BA}.Debug|Any CPU.Build.0 = Debug|Any CPU
		{59DDA061-3CD9-49CE-B33C-1ACAC00F58BA}.Release|Any CPU.ActiveCfg = Release|Any CPU
		{59DDA061-3CD9-49CE-B33C-1ACAC00F58BA}.Release|Any CPU.Build.0 = Release|Any CPU
	EndGlobalSection
	GlobalSection(NestedProjects) = preSolution
		{B99B921C-CBE3-458A-80E1-2C66CE70DFF0} = {456CA12A-3E08-4779-B5C3-55EC72CBBDB9}
		{F801B422-63B3-4EE3-8A36-7BF1A9FCC25E} = {B99B921C-CBE3-458A-80E1-2C66CE70DFF0}
		{C9BA9C73-0B66-4ABA-9987-4E5B16E74041} = {B99B921C-CBE3-458A-80E1-2C66CE70DFF0}
		{59DDA061-3CD9-49CE-B33C-1ACAC00F58BA} = {B99B921C-CBE3-458A-80E1-2C66CE70DFF0}
	EndGlobalSection
EndGlobal
